Microsoft Visual Studio Solution File, Format Version 12.00
# Visual Studio Version 17
VisualStudioVersion = 17.0.31903.59
MinimumVisualStudioVersion = 10.0.40219.1
Project("{FAE04EC0-301F-11D3-BF4B-00C04F79EFBC}") = "PocketSpeaker.Windows", "PocketSpeaker.Windows\PocketSpeaker.Windows.csproj", "{BB5D70A2-87D6-4D64-9567-1F96B2E1F9B2}"
EndProject
Global
 GlobalSection(SolutionConfigurationPlatforms) = preSolution
  Debug|x64 = Debug|x64
  Release|x64 = Release|x64
 EndGlobalSection
 GlobalSection(ProjectConfigurationPlatforms) = postSolution
  {BB5D70A2-87D6-4D64-9567-1F96B2E1F9B2}.Debug|x64.ActiveCfg = Debug|x64
  {BB5D70A2-87D6-4D64-9567-1F96B2E1F9B2}.Release|x64.ActiveCfg = Release|x64
 EndGlobalSection
EndGlobal
